PODS:
  - NDLog (0.0.5)
  - NDModificationOperators (0.0.2)
  - NDUtils/Core (0.0.4.1)
  - NDUtils/Foundation (0.0.4.1):
    - NDLog (~> 0.0.5)
    - NDUtils/Core
  - NDUtils/libextobjc (0.0.4.1):
    - NDUtils/Core
  - NDUtils/objc (0.0.4.1):
    - NDLog (~> 0.0.5)
    - NDUtils/Core

DEPENDENCIES:
  - NDLog (from `../NDLog`)
  - NDModificationOperators (from `../NDModificationOperators`)
  - NDUtils/Foundation (from `../NDUtils`)
  - NDUtils/libextobjc (from `../NDUtils`)
  - NDUtils/objc (from `../NDUtils`)

EXTERNAL SOURCES:
  NDLog:
    :path: "../NDLog"
  NDModificationOperators:
    :path: "../NDModificationOperators"
  NDUtils:
    :path: "../NDUtils"

SPEC CHECKSUMS:
  NDLog: 2d478a5bc74f17ee56fea08adb6dacdaa36a07e6
  NDModificationOperators: 9361661d72ebd45b0d11fad61b2a6a581464ba04
  NDUtils: 071967534549cb07e0122a53af462e4a5d6da124

PODFILE CHECKSUM: e08a34ac353cf9a7936c355bb27501c3c185b421

COCOAPODS: 1.9.3
