PODS:
  - NDLog (0.0.6.1):
    - NDLog/Swift (= 0.0.6.1)
  - NDLog/Core (0.0.6.1)
  - NDLog/ObjC (0.0.6.1):
    - NDLog/Core
  - NDLog/Swift (0.0.6.1):
    - NDLog/Core
  - NDModificationOperators/ObjC (0.0.3.1)
  - NDUtils/Core (0.0.5)
  - NDUtils/Foundation (0.0.5):
    - NDLog (~> 0.0.6)
    - NDUtils/Core
  - NDUtils/libextobjc (0.0.5):
    - NDUtils/Core
  - NDUtils/objc (0.0.5):
    - NDLog (~> 0.0.6)
    - NDUtils/Core
  - NDWebKit (0.0.2):
    - NDWebKit/Swift (= 0.0.2)
  - NDWebKit/Core (0.0.2):
    - NDLog/ObjC (~> 0.0.6)
    - NDModificationOperators/ObjC (~> 0.0.3)
    - NDUtils/Foundation (~> 0.0.5)
    - NDUtils/libextobjc (~> 0.0.5)
    - NDUtils/objc (~> 0.0.5)
  - NDWebKit/ObjC (0.0.2):
    - NDWebKit/Core
  - NDWebKit/Swift (0.0.2):
    - NDWebKit/ObjC

DEPENDENCIES:
  - NDLog/ObjC (from `../NDLog`)
  - NDModificationOperators/ObjC (from `../NDModificationOperators`)
  - NDUtils/Foundation (from `../NDUtils`)
  - NDUtils/libextobjc (from `../NDUtils`)
  - NDUtils/objc (from `../NDUtils`)
  - NDWebKit (from `.`)

EXTERNAL SOURCES:
  NDLog:
    :path: "../NDLog"
  NDModificationOperators:
    :path: "../NDModificationOperators"
  NDUtils:
    :path: "../NDUtils"
  NDWebKit:
    :path: "."

SPEC CHECKSUMS:
  NDLog: 1e996efb979679f547dcf729a955fe92577ed2c5
  NDModificationOperators: ce7cf4900dd8c49546cda0e8ae465bb02d74e089
  NDUtils: 1a72e3cfd4f1510b261999c0f26f17648c033ac9
  NDWebKit: cc875c2552a43d803410083f165f1ee635f10d95

PODFILE CHECKSUM: 5f9cc09cb5fd6fb083133d3c5cc379f5187d0cfa

COCOAPODS: 1.9.3
